// !$*UTF8*$!
{
	archiveVersion = 1;
	classes = {
	};
	objectVersion = 77;
	objects = {

/* Begin PBXContainerItemProxy section */
		70F574CC2CDB0F7D00B89A2F /* PBXContainerItemProxy */ = {
			isa = PBXContainerItemProxy;
			containerPortal = 70F574AD2CDB0F7B00B89A2F /* Project object */;
			proxyType = 1;
			remoteGlobalIDString = 70F574B42CDB0F7B00B89A2F;
			remoteInfo = LinusDavidOwenFinalProject;
		};
		70F574D62CDB0F7D00B89A2F /* PBXContainerItemProxy */ = {
			isa = PBXContainerItemProxy;
			containerPortal = 70F574AD2CDB0F7B00B89A2F /* Project object */;
			proxyType = 1;
			remoteGlobalIDString = 70F574B42CDB0F7B00B89A2F;
			remoteInfo = LinusDavidOwenFinalProject;
		};
/* End PBXContainerItemProxy section */

/* Begin PBXFileReference section */
		70F574B52CDB0F7B00B89A2F /* LinusDavidOwenFinalProject.app */ = {isa = PBXFileReference; explicitFileType = wrapper.application; includeInIndex = 0; path = LinusDavidOwenFinalProject.app; sourceTree = BUILT_PRODUCTS_DIR; };
		70F574CB2CDB0F7D00B89A2F /* LinusDavidOwenFinalProjectTests.xctest */ = {isa = PBXFileReference; explicitFileType = wrapper.cfbundle; includeInIndex = 0; path = LinusDavidOwenFinalProjectTests.xctest; sourceTree = BUILT_PRODUCTS_DIR; };
		70F574D52CDB0F7D00B89A2F /* LinusDavidOwenFinalProjectUITests.xctest */ = {isa = PBXFileReference; explicitFileType = wrapper.cfbundle; includeInIndex = 0; path = LinusDavidOwenFinalProjectUITests.xctest; sourceTree = BUILT_PRODUCTS_DIR; };
/* End PBXFileReference section */

/* Begin PBXFileSystemSynchronizedBuildFileExceptionSet section */
		70F574DD2CDB0F7D00B89A2F /* Exceptions for "LinusDavidOwenFinalProject" folder in "LinusDavidOwenFinalProject" target */ = {
			isa = PBXFileSystemSynchronizedBuildFileExceptionSet;
			membershipExceptions = (
				Info.plist,
			);
			target = 70F574B42CDB0F7B00B89A2F /* LinusDavidOwenFinalProject */;
		};
/* End PBXFileSystemSynchronizedBuildFileExceptionSet section */

/* Begin PBXFileSystemSynchronizedRootGroup section */
		70F574B72CDB0F7B00B89A2F /* LinusDavidOwenFinalProject */ = {
			isa = PBXFileSystemSynchronizedRootGroup;
			exceptions = (
				70F574DD2CDB0F7D00B89A2F /* Exceptions for "LinusDavidOwenFinalProject" folder in "LinusDavidOwenFinalProject" target */,
			);
			path = LinusDavidOwenFinalProject;
			sourceTree = "<group>";
		};
		70F574CE2CDB0F7D00B89A2F /* LinusDavidOwenFinalProjectTests */ = {
			isa = PBXFileSystemSynchronizedRootGroup;
			path = LinusDavidOwenFinalProjectTests;
			sourceTree = "<group>";
		};
		70F574D82CDB0F7D00B89A2F /* LinusDavidOwenFinalProjectUITests */ = {
			isa = PBXFileSystemSynchronizedRootGroup;
			path = LinusDavidOwenFinalProjectUITests;
			sourceTree = "<group>";
		};
/* End PBXFileSystemSynchronizedRootGroup section */

/* Begin PBXFrameworksBuildPhase section */
		70F574B22CDB0F7B00B89A2F /* Frameworks */ = {
			isa = PBXFrameworksBuildPhase;
			buildActionMask = 2147483647;
			files = (
			);
			runOnlyForDeploymentPostprocessing = 0;
		};
		70F574C82CDB0F7D00B89A2F /* Frameworks */ = {
			isa = PBXFrameworksBuildPhase;
			buildActionMask = 2147483647;
			files = (
			);
			runOnlyForDeploymentPostprocessing = 0;
		};
		70F574D22CDB0F7D00B89A2F /* Frameworks */ = {
			isa = PBXFrameworksBuildPhase;
			buildActionMask = 2147483647;
			files = (
			);
			runOnlyForDeploymentPostprocessing = 0;
		};
/* End PBXFrameworksBuildPhase section */

/* Begin PBXGroup section */
		70F574AC2CDB0F7B00B89A2F = {
			isa = PBXGroup;
			children = (
				70F574B72CDB0F7B00B89A2F /* LinusDavidOwenFinalProject */,
				70F574CE2CDB0F7D00B89A2F /* LinusDavidOwenFinalProjectTests */,
				70F574D82CDB0F7D00B89A2F /* LinusDavidOwenFinalProjectUITests */,
				70F574B62CDB0F7B00B89A2F /* Products */,
			);
			sourceTree = "<group>";
		};
		70F574B62CDB0F7B00B89A2F /* Products */ = {
			isa = PBXGroup;
			children = (
				70F574B52CDB0F7B00B89A2F /* LinusDavidOwenFinalProject.app */,
				70F574CB2CDB0F7D00B89A2F /* LinusDavidOwenFinalProjectTests.xctest */,
				70F574D52CDB0F7D00B89A2F /* LinusDavidOwenFinalProjectUITests.xctest */,
			);
			name = Products;
			sourceTree = "<group>";
		};
/* End PBXGroup section */

/* Begin PBXNativeTarget section */
		70F574B42CDB0F7B00B89A2F /* LinusDavidOwenFinalProject */ = {
			isa = PBXNativeTarget;
			buildConfigurationList = 70F574DE2CDB0F7D00B89A2F /* Build configuration list for PBXNativeTarget "LinusDavidOwenFinalProject" */;
			buildPhases = (
				70F574B12CDB0F7B00B89A2F /* Sources */,
				70F574B22CDB0F7B00B89A2F /* Frameworks */,
				70F574B32CDB0F7B00B89A2F /* Resources */,
			);
			buildRules = (
			);
			dependencies = (
			);
			fileSystemSynchronizedGroups = (
				70F574B72CDB0F7B00B89A2F /* LinusDavidOwenFinalProject */,
			);
			name = LinusDavidOwenFinalProject;
			packageProductDependencies = (
			);
			productName = LinusDavidOwenFinalProject;
			productReference = 70F574B52CDB0F7B00B89A2F /* LinusDavidOwenFinalProject.app */;
			productType = "com.apple.product-type.application";
		};
		70F574CA2CDB0F7D00B89A2F /* LinusDavidOwenFinalProjectTests */ = {
			isa = PBXNativeTarget;
			buildConfigurationList = 70F574E32CDB0F7D00B89A2F /* Build configuration list for PBXNativeTarget "LinusDavidOwenFinalProjectTests" */;
			buildPhases = (
				70F574C72CDB0F7D00B89A2F /* Sources */,
				70F574C82CDB0F7D00B89A2F /* Frameworks */,
				70F574C92CDB0F7D00B89A2F /* Resources */,
			);
			buildRules = (
			);
			dependencies = (
				70F574CD2CDB0F7D00B89A2F /* PBXTargetDependency */,
			);
			fileSystemSynchronizedGroups = (
				70F574CE2CDB0F7D00B89A2F /* LinusDavidOwenFinalProjectTests */,
			);
			name = LinusDavidOwenFinalProjectTests;
			packageProductDependencies = (
			);
			productName = LinusDavidOwenFinalProjectTests;
			productReference = 70F574CB2CDB0F7D00B89A2F /* LinusDavidOwenFinalProjectTests.xctest */;
			productType = "com.apple.product-type.bundle.unit-test";
		};
		70F574D42CDB0F7D00B89A2F /* LinusDavidOwenFinalProjectUITests */ = {
			isa = PBXNativeTarget;
			buildConfigurationList = 70F574E62CDB0F7D00B89A2F /* Build configuration list for PBXNativeTarget "LinusDavidOwenFinalProjectUITests" */;
			buildPhases = (
				70F574D12CDB0F7D00B89A2F /* Sources */,
				70F574D22CDB0F7D00B89A2F /* Frameworks */,
				70F574D32CDB0F7D00B89A2F /* Resources */,
			);
			buildRules = (
			);
			dependencies = (
				70F574D72CDB0F7D00B89A2F /* PBXTargetDependency */,
			);
			fileSystemSynchronizedGroups = (
				70F574D82CDB0F7D00B89A2F /* LinusDavidOwenFinalProjectUITests */,
			);
			name = LinusDavidOwenFinalProjectUITests;
			packageProductDependencies = (
			);
			productName = LinusDavidOwenFinalProjectUITests;
			productReference = 70F574D52CDB0F7D00B89A2F /* LinusDavidOwenFinalProjectUITests.xctest */;
			productType = "com.apple.product-type.bundle.ui-testing";
		};
/* End PBXNativeTarget section */

/* Begin PBXProject section */
		70F574AD2CDB0F7B00B89A2F /* Project object */ = {
			isa = PBXProject;
			attributes = {
				BuildIndependentTargetsInParallel = 1;
				LastSwiftUpdateCheck = 1610;
				LastUpgradeCheck = 1610;
				TargetAttributes = {
					70F574B42CDB0F7B00B89A2F = {
						CreatedOnToolsVersion = 16.1;
					};
					70F574CA2CDB0F7D00B89A2F = {
						CreatedOnToolsVersion = 16.1;
						TestTargetID = 70F574B42CDB0F7B00B89A2F;
					};
					70F574D42CDB0F7D00B89A2F = {
						CreatedOnToolsVersion = 16.1;
						TestTargetID = 70F574B42CDB0F7B00B89A2F;
					};
				};
			};
			buildConfigurationList = 70F574B02CDB0F7B00B89A2F /* Build configuration list for PBXProject "LinusDavidOwenFinalProject" */;
			developmentRegion = en;
			hasScannedForEncodings = 0;
			knownRegions = (
				en,
				Base,
			);
			mainGroup = 70F574AC2CDB0F7B00B89A2F;
			minimizedProjectReferenceProxies = 1;
			preferredProjectObjectVersion = 77;
			productRefGroup = 70F574B62CDB0F7B00B89A2F /* Products */;
			projectDirPath = "";
			projectRoot = "";
			targets = (
				70F574B42CDB0F7B00B89A2F /* LinusDavidOwenFinalProject */,
				70F574CA2CDB0F7D00B89A2F /* LinusDavidOwenFinalProjectTests */,
				70F574D42CDB0F7D00B89A2F /* LinusDavidOwenFinalProjectUITests */,
			);
		};
/* End PBXProject section */

/* Begin PBXResourcesBuildPhase section */
		70F574B32CDB0F7B00B89A2F /* Resources */ = {
			isa = PBXResourcesBuildPhase;
			buildActionMask = 2147483647;
			files = (
			);
			runOnlyForDeploymentPostprocessing = 0;
		};
		70F574C92CDB0F7D00B89A2F /* Resources */ = {
			isa = PBXResourcesBuildPhase;
			buildActionMask = 2147483647;
			files = (
			);
			runOnlyForDeploymentPostprocessing = 0;
		};
		70F574D32CDB0F7D00B89A2F /* Resources */ = {
			isa = PBXResourcesBuildPhase;
			buildActionMask = 2147483647;
			files = (
			);
			runOnlyForDeploymentPostprocessing = 0;
		};
/* End PBXResourcesBuildPhase section */

/* Begin PBXSourcesBuildPhase section */
		70F574B12CDB0F7B00B89A2F /* Sources */ = {
			isa = PBXSourcesBuildPhase;
			buildActionMask = 2147483647;
			files = (
			);
			runOnlyForDeploymentPostprocessing = 0;
		};
		70F574C72CDB0F7D00B89A2F /* Sources */ = {
			isa = PBXSourcesBuildPhase;
			buildActionMask = 2147483647;
			files = (
			);
			runOnlyForDeploymentPostprocessing = 0;
		};
		70F574D12CDB0F7D00B89A2F /* Sources */ = {
			isa = PBXSourcesBuildPhase;
			buildActionMask = 2147483647;
			files = (
			);
			runOnlyForDeploymentPostprocessing = 0;
		};
/* End PBXSourcesBuildPhase section */

/* Begin PBXTargetDependency section */
		70F574CD2CDB0F7D00B89A2F /* PBXTargetDependency */ = {
			isa = PBXTargetDependency;
			target = 70F574B42CDB0F7B00B89A2F /* LinusDavidOwenFinalProject */;
			targetProxy = 70F574CC2CDB0F7D00B89A2F /* PBXContainerItemProxy */;
		};
		70F574D72CDB0F7D00B89A2F /* PBXTargetDependency */ = {
			isa = PBXTargetDependency;
			target = 70F574B42CDB0F7B00B89A2F /* LinusDavidOwenFinalProject */;
			targetProxy = 70F574D62CDB0F7D00B89A2F /* PBXContainerItemProxy */;
		};
/* End PBXTargetDependency section */

/* Begin XCBuildConfiguration section */
		70F574DF2CDB0F7D00B89A2F /* Debug */ = {
			isa = XCBuildConfiguration;
			buildSettings = {
				ASSETCATALOG_COMPILER_APPICON_NAME = AppIcon;
				ASSETCATALOG_COMPILER_GLOBAL_ACCENT_COLOR_NAME = AccentColor;
				CODE_SIGN_STYLE = Automatic;
				CURRENT_PROJECT_VERSION = 1;
				GENERATE_INFOPLIST_FILE = YES;
				INFOPLIST_FILE = LinusDavidOwenFinalProject/Info.plist;
				INFOPLIST_KEY_UIApplicationSupportsIndirectInputEvents = YES;
				INFOPLIST_KEY_UILaunchStoryboardName = LaunchScreen;
				INFOPLIST_KEY_UIMainStoryboardFile = Main;
				INFOPLIST_KEY_UISupportedInterfaceOrientations_iPad = "UIInterfaceOrientationPortrait UIInterfaceOrientationPortraitUpsideDown UIInterfaceOrientationLandscapeLeft UIInterfaceOrientationLandscapeRight";
				INFOPLIST_KEY_UISupportedInterfaceOrientations_iPhone = "UIInterfaceOrientationPortrait UIInterfaceOrientationLandscapeLeft UIInterfaceOrientationLandscapeRight";
				LD_RUNPATH_SEARCH_PATHS = (
					"$(inherited)",
					"@executable_path/Frameworks",
				);
				MARKETING_VERSION = 1.0;
				PRODUCT_BUNDLE_IDENTIFIER = com.linusjlee.LinusDavidOwenFinalProject;
				PRODUCT_NAME = "$(TARGET_NAME)";
				SWIFT_EMIT_LOC_STRINGS = YES;
				SWIFT_VERSION = 5.0;
				TARGETED_DEVICE_FAMILY = "1,2";
			};
			name = Debug;
		};
		70F574E02CDB0F7D00B89A2F /* Release */ = {
			isa = XCBuildConfiguration;
			buildSettings = {
				ASSETCATALOG_COMPILER_APPICON_NAME = AppIcon;
				ASSETCATALOG_COMPILER_GLOBAL_ACCENT_COLOR_NAME = AccentColor;
				CODE_SIGN_STYLE = Automatic;
				CURRENT_PROJECT_VERSION = 1;
				GENERATE_INFOPLIST_FILE = YES;
				INFOPLIST_FILE = LinusDavidOwenFinalProject/Info.plist;
				INFOPLIST_KEY_UIApplicationSupportsIndirectInputEvents = YES;
				INFOPLIST_KEY_UILaunchStoryboardName = LaunchScreen;
				INFOPLIST_KEY_UIMainStoryboardFile = Main;
				INFOPLIST_KEY_UISupportedInterfaceOrientations_iPad = "UIInterfaceOrientationPortrait UIInterfaceOrientationPortraitUpsideDown UIInterfaceOrientationLandscapeLeft UIInterfaceOrientationLandscapeRight";
				INFOPLIST_KEY_UISupportedInterfaceOrientations_iPhone = "UIInterfaceOrientationPortrait UIInterfaceOrientationLandscapeLeft UIInterfaceOrientationLandscapeRight";
				LD_RUNPATH_SEARCH_PATHS = (
					"$(inherited)",
					"@executable_path/Frameworks",
				);
				MARKETING_VERSION = 1.0;
				PRODUCT_BUNDLE_IDENTIFIER = com.linusjlee.LinusDavidOwenFinalProject;
				PRODUCT_NAME = "$(TARGET_NAME)";
				SWIFT_EMIT_LOC_STRINGS = YES;
				SWIFT_VERSION = 5.0;
				TARGETED_DEVICE_FAMILY = "1,2";
			};
			name = Release;
		};
		70F574E12CDB0F7D00B89A2F /* Debug */ = {
			isa = XCBuildConfiguration;
			buildSettings = {
				ALWAYS_SEARCH_USER_PATHS = NO;
				ASSETCATALOG_COMPILER_GENERATE_SWIFT_ASSET_SYMBOL_EXTENSIONS = YES;
				CLANG_ANALYZER_NONNULL = YES;
				CLANG_ANALYZER_NUMBER_OBJECT_CONVERSION = YES_AGGRESSIVE;
				CLANG_CXX_LANGUAGE_STANDARD = "gnu++20";
				CLANG_ENABLE_MODULES = YES;
				CLANG_ENABLE_OBJC_ARC = YES;
				CLANG_ENABLE_OBJC_WEAK = YES;
				CLANG_WARN_BLOCK_CAPTURE_AUTORELEASING = YES;
				CLANG_WARN_BOOL_CONVERSION = YES;
				CLANG_WARN_COMMA = YES;
				CLANG_WARN_CONSTANT_CONVERSION = YES;
				CLANG_WARN_DEPRECATED_OBJC_IMPLEMENTATIONS = YES;
				CLANG_WARN_DIRECT_OBJC_ISA_USAGE = YES_ERROR;
				CLANG_WARN_DOCUMENTATION_COMMENTS = YES;
				CLANG_WARN_EMPTY_BODY = YES;
				CLANG_WARN_ENUM_CONVERSION = YES;
				CLANG_WARN_INFINITE_RECURSION = YES;
				CLANG_WARN_INT_CONVERSION = YES;
				CLANG_WARN_NON_LITERAL_NULL_CONVERSION = YES;
				CLANG_WARN_OBJC_IMPLICIT_RETAIN_SELF = YES;
				CLANG_WARN_OBJC_LITERAL_CONVERSION = YES;
				CLANG_WARN_OBJC_ROOT_CLASS = YES_ERROR;
				CLANG_WARN_QUOTED_INCLUDE_IN_FRAMEWORK_HEADER = YES;
				CLANG_WARN_RANGE_LOOP_ANALYSIS = YES;
				CLANG_WARN_STRICT_PROTOTYPES = YES;
				CLANG_WARN_SUSPICIOUS_MOVE = YES;
				CLANG_WARN_UNGUARDED_AVAILABILITY = YES_AGGRESSIVE;
				CLANG_WARN_UNREACHABLE_CODE = YES;
				CLANG_WARN__DUPLICATE_METHOD_MATCH = YES;
				COPY_PHASE_STRIP = NO;
				DEBUG_INFORMATION_FORMAT = dwarf;
				ENABLE_STRICT_OBJC_MSGSEND = YES;
				ENABLE_TESTABILITY = YES;
				ENABLE_USER_SCRIPT_SANDBOXING = YES;
				GCC_C_LANGUAGE_STANDARD = gnu17;
				GCC_DYNAMIC_NO_PIC = NO;
				GCC_NO_COMMON_BLOCKS = YES;
				GCC_OPTIMIZATION_LEVEL = 0;
				GCC_PREPROCESSOR_DEFINITIONS = (
					"DEBUG=1",
					"$(inherited)",
				);
				GCC_WARN_64_TO_32_BIT_CONVERSION = YES;
				GCC_WARN_ABOUT_RETURN_TYPE = YES_ERROR;
				GCC_WARN_UNDECLARED_SELECTOR = YES;
				GCC_WARN_UNINITIALIZED_AUTOS = YES_AGGRESSIVE;
				GCC_WARN_UNUSED_FUNCTION = YES;
				GCC_WARN_UNUSED_VARIABLE = YES;
				IPHONEOS_DEPLOYMENT_TARGET = 18.1;
				LOCALIZATION_PREFERS_STRING_CATALOGS = YES;
				MTL_ENABLE_DEBUG_INFO = INCLUDE_SOURCE;
				MTL_FAST_MATH = YES;
				ONLY_ACTIVE_ARCH = YES;
				SDKROOT = iphoneos;
				SWIFT_ACTIVE_COMPILATION_CONDITIONS = "DEBUG $(inherited)";
				SWIFT_OPTIMIZATION_LEVEL = "-Onone";
			};
			name = Debug;
		};
		70F574E22CDB0F7D00B89A2F /* Release */ = {
			isa = XCBuildConfiguration;
			buildSettings = {
				ALWAYS_SEARCH_USER_PATHS = NO;
				ASSETCATALOG_COMPILER_GENERATE_SWIFT_ASSET_SYMBOL_EXTENSIONS = YES;
				CLANG_ANALYZER_NONNULL = YES;
				CLANG_ANALYZER_NUMBER_OBJECT_CONVERSION = YES_AGGRESSIVE;
				CLANG_CXX_LANGUAGE_STANDARD = "gnu++20";
				CLANG_ENABLE_MODULES = YES;
				CLANG_ENABLE_OBJC_ARC = YES;
				CLANG_ENABLE_OBJC_WEAK = YES;
				CLANG_WARN_BLOCK_CAPTURE_AUTORELEASING = YES;
				CLANG_WARN_BOOL_CONVERSION = YES;
				CLANG_WARN_COMMA = YES;
				CLANG_WARN_CONSTANT_CONVERSION = YES;
				CLANG_WARN_DEPRECATED_OBJC_IMPLEMENTATIONS = YES;
				CLANG_WARN_DIRECT_OBJC_ISA_USAGE = YES_ERROR;
				CLANG_WARN_DOCUMENTATION_COMMENTS = YES;
				CLANG_WARN_EMPTY_BODY = YES;
				CLANG_WARN_ENUM_CONVERSION = YES;
				CLANG_WARN_INFINITE_RECURSION = YES;
				CLANG_WARN_INT_CONVERSION = YES;
				CLANG_WARN_NON_LITERAL_NULL_CONVERSION = YES;
				CLANG_WARN_OBJC_IMPLICIT_RETAIN_SELF = YES;
				CLANG_WARN_OBJC_LITERAL_CONVERSION = YES;
				CLANG_WARN_OBJC_ROOT_CLASS = YES_ERROR;
				CLANG_WARN_QUOTED_INCLUDE_IN_FRAMEWORK_HEADER = YES;
				CLANG_WARN_RANGE_LOOP_ANALYSIS = YES;
				CLANG_WARN_STRICT_PROTOTYPES = YES;
				CLANG_WARN_SUSPICIOUS_MOVE = YES;
				CLANG_WARN_UNGUARDED_AVAILABILITY = YES_AGGRESSIVE;
				CLANG_WARN_UNREACHABLE_CODE = YES;
				CLANG_WARN__DUPLICATE_METHOD_MATCH = YES;
				COPY_PHASE_STRIP = NO;
				DEBUG_INFORMATION_FORMAT = "dwarf-with-dsym";
				ENABLE_NS_ASSERTIONS = NO;
				ENABLE_STRICT_OBJC_MSGSEND = YES;
				ENABLE_USER_SCRIPT_SANDBOXING = YES;
				GCC_C_LANGUAGE_STANDARD = gnu17;
				GCC_NO_COMMON_BLOCKS = YES;
				GCC_WARN_64_TO_32_BIT_CONVERSION = YES;
				GCC_WARN_ABOUT_RETURN_TYPE = YES_ERROR;
				GCC_WARN_UNDECLARED_SELECTOR = YES;
				GCC_WARN_UNINITIALIZED_AUTOS = YES_AGGRESSIVE;
				GCC_WARN_UNUSED_FUNCTION = YES;
				GCC_WARN_UNUSED_VARIABLE = YES;
				IPHONEOS_DEPLOYMENT_TARGET = 18.1;
				LOCALIZATION_PREFERS_STRING_CATALOGS = YES;
				MTL_ENABLE_DEBUG_INFO = NO;
				MTL_FAST_MATH = YES;
				SDKROOT = iphoneos;
				SWIFT_COMPILATION_MODE = wholemodule;
				VALIDATE_PRODUCT = YES;
			};
			name = Release;
		};
		70F574E42CDB0F7D00B89A2F /* Debug */ = {
			isa = XCBuildConfiguration;
			buildSettings = {
				BUNDLE_LOADER = "$(TEST_HOST)";
				CODE_SIGN_STYLE = Automatic;
				CURRENT_PROJECT_VERSION = 1;
				GENERATE_INFOPLIST_FILE = YES;
				IPHONEOS_DEPLOYMENT_TARGET = 18.1;
				MARKETING_VERSION = 1.0;
				PRODUCT_BUNDLE_IDENTIFIER = com.linusjlee.LinusDavidOwenFinalProjectTests;
				PRODUCT_NAME = "$(TARGET_NAME)";
				SWIFT_EMIT_LOC_STRINGS = NO;
				SWIFT_VERSION = 5.0;
				TARGETED_DEVICE_FAMILY = "1,2";
				TEST_HOST = "$(BUILT_PRODUCTS_DIR)/LinusDavidOwenFinalProject.app/$(BUNDLE_EXECUTABLE_FOLDER_PATH)/LinusDavidOwenFinalProject";
			};
			name = Debug;
		};
		70F574E52CDB0F7D00B89A2F /* Release */ = {
			isa = XCBuildConfiguration;
			buildSettings = {
				BUNDLE_LOADER = "$(TEST_HOST)";
				CODE_SIGN_STYLE = Automatic;
				CURRENT_PROJECT_VERSION = 1;
				GENERATE_INFOPLIST_FILE = YES;
				IPHONEOS_DEPLOYMENT_TARGET = 18.1;
				MARKETING_VERSION = 1.0;
				PRODUCT_BUNDLE_IDENTIFIER = com.linusjlee.LinusDavidOwenFinalProjectTests;
				PRODUCT_NAME = "$(TARGET_NAME)";
				SWIFT_EMIT_LOC_STRINGS = NO;
				SWIFT_VERSION = 5.0;
				TARGETED_DEVICE_FAMILY = "1,2";
				TEST_HOST = "$(BUILT_PRODUCTS_DIR)/LinusDavidOwenFinalProject.app/$(BUNDLE_EXECUTABLE_FOLDER_PATH)/LinusDavidOwenFinalProject";
			};
			name = Release;
		};
		70F574E72CDB0F7D00B89A2F /* Debug */ = {
			isa = XCBuildConfiguration;
			buildSettings = {
				CODE_SIGN_STYLE = Automatic;
				CURRENT_PROJECT_VERSION = 1;
				GENERATE_INFOPLIST_FILE = YES;
				MARKETING_VERSION = 1.0;
				PRODUCT_BUNDLE_IDENTIFIER = com.linusjlee.LinusDavidOwenFinalProjectUITests;
				PRODUCT_NAME = "$(TARGET_NAME)";
				SWIFT_EMIT_LOC_STRINGS = NO;
				SWIFT_VERSION = 5.0;
				TARGETED_DEVICE_FAMILY = "1,2";
				TEST_TARGET_NAME = LinusDavidOwenFinalProject;
			};
			name = Debug;
		};
		70F574E82CDB0F7D00B89A2F /* Release */ = {
			isa = XCBuildConfiguration;
			buildSettings = {
				CODE_SIGN_STYLE = Automatic;
				CURRENT_PROJECT_VERSION = 1;
				GENERATE_INFOPLIST_FILE = YES;
				MARKETING_VERSION = 1.0;
				PRODUCT_BUNDLE_IDENTIFIER = com.linusjlee.LinusDavidOwenFinalProjectUITests;
				PRODUCT_NAME = "$(TARGET_NAME)";
				SWIFT_EMIT_LOC_STRINGS = NO;
				SWIFT_VERSION = 5.0;
				TARGETED_DEVICE_FAMILY = "1,2";
				TEST_TARGET_NAME = LinusDavidOwenFinalProject;
			};
			name = Release;
		};
/* End XCBuildConfiguration section */

/* Begin XCConfigurationList section */
		70F574B02CDB0F7B00B89A2F /* Build configuration list for PBXProject "LinusDavidOwenFinalProject" */ = {
			isa = XCConfigurationList;
			buildConfigurations = (
				70F574E12CDB0F7D00B89A2F /* Debug */,
				70F574E22CDB0F7D00B89A2F /* Release */,
			);
			defaultConfigurationIsVisible = 0;
			defaultConfigurationName = Release;
		};
		70F574DE2CDB0F7D00B89A2F /* Build configuration list for PBXNativeTarget "LinusDavidOwenFinalProject" */ = {
			isa = XCConfigurationList;
			buildConfigurations = (
				70F574DF2CDB0F7D00B89A2F /* Debug */,
				70F574E02CDB0F7D00B89A2F /* Release */,
			);
			defaultConfigurationIsVisible = 0;
			defaultConfigurationName = Release;
		};
		70F574E32CDB0F7D00B89A2F /* Build configuration list for PBXNativeTarget "LinusDavidOwenFinalProjectTests" */ = {
			isa = XCConfigurationList;
			buildConfigurations = (
				70F574E42CDB0F7D00B89A2F /* Debug */,
				70F574E52CDB0F7D00B89A2F /* Release */,
			);
			defaultConfigurationIsVisible = 0;
			defaultConfigurationName = Release;
		};
		70F574E62CDB0F7D00B89A2F /* Build configuration list for PBXNativeTarget "LinusDavidOwenFinalProjectUITests" */ = {
			isa = XCConfigurationList;
			buildConfigurations = (
				70F574E72CDB0F7D00B89A2F /* Debug */,
				70F574E82CDB0F7D00B89A2F /* Release */,
			);
			defaultConfigurationIsVisible = 0;
			defaultConfigurationName = Release;
		};
/* End XCConfigurationList section */
	};
	rootObject = 70F574AD2CDB0F7B00B89A2F /* Project object */;
}
